
Microsoft Visual Studio Solution File, Format Version 12.00
# Visual Studio Version 17
VisualStudioVersion = 17.9.34622.214
MinimumVisualStudioVersion = 10.0.40219.1
Project("{FAE04EC0-301F-11D3-BF4B-00C04F79EFBC}") = "Menu_", "Menu_\Menu_.csproj", "{7A3A2DAC-4F78-4886-A8FD-1F40A1B1F495}"
EndProject
Global
	GlobalSection(SolutionConfigurationPlatforms) = preSolution
		Debug|Any CPU = Debug|Any CPU
		Release|Any CPU = Release|Any CPU
	EndGlobalSection
	GlobalSection(ProjectConfigurationPlatforms) = postSolution
		{7A3A2DAC-4F78-4886-A8FD-1F40A1B1F495}.Debug|Any CPU.ActiveCfg = Debug|Any CPU
		{7A3A2DAC-4F78-4886-A8FD-1F40A1B1F495}.Debug|Any CPU.Build.0 = Debug|Any CPU
		{7A3A2DAC-4F78-4886-A8FD-1F40A1B1F495}.Release|Any CPU.ActiveCfg = Release|Any CPU
		{7A3A2DAC-4F78-4886-A8FD-1F40A1B1F495}.Release|Any CPU.Build.0 = Release|Any CPU
	EndGlobalSection
	GlobalSection(SolutionProperties) = preSolution
		HideSolutionNode = FALSE
	EndGlobalSection
	GlobalSection(ExtensibilityGlobals) = postSolution
		SolutionGuid = {D8C127B7-1F5D-490E-963F-8F6F81FE6BD3}
	EndGlobalSection
EndGlobal
